
Microsoft Visual Studio Solution File, Format Version 12.00
# Visual Studio Version 17
VisualStudioVersion = 17.0.31903.59
MinimumVisualStudioVersion = 10.0.40219.1
Project("{2150E333-8FDC-42A3-9474-1A3956D46DE8}") = "src", "src", "{68588E28-105E-47B2-BC14-4366ADB916EE}"
EndProject
Project("{2150E333-8FDC-42A3-9474-1A3956D46DE8}") = "Api", "Api", "{0CA6BEA5-14E6-40DE-B7B2-E302F21CA7C6}"
EndProject
Project("{FAE04EC0-301F-11D3-BF4B-00C04F79EFBC}") = "ConvoLab.Api", "src\Api\ConvoLab.Api\ConvoLab.Api.csproj", "{4F8A2D77-68E6-4795-86FC-BBFD2C168307}"
EndProject
Project("{2150E333-8FDC-42A3-9474-1A3956D46DE8}") = "Application", "Application", "{5A6ACEEF-BAA6-42B0-A21B-43CCC5E88CF3}"
EndProject
Project("{FAE04EC0-301F-11D3-BF4B-00C04F79EFBC}") = "ConvoLab.Application", "src\Application\ConvoLab.Application\ConvoLab.Application.csproj", "{AD517CD0-EF4C-4DA7-9BB3-3C705014CA85}"
EndProject
Project("{2150E333-8FDC-42A3-9474-1A3956D46DE8}") = "Domain", "Domain", "{B74C5B2D-588B-4DA0-A208-77E22F7B7649}"
EndProject
Project("{FAE04EC0-301F-11D3-BF4B-00C04F79EFBC}") = "ConvoLab.Domain", "src\Domain\ConvoLab.Domain\ConvoLab.Domain.csproj", "{17C0F9D3-8FF0-4BFC-8129-E43B942550B2}"
EndProject
Project("{2150E333-8FDC-42A3-9474-1A3956D46DE8}") = "Infrastructure", "Infrastructure", "{C49DDA41-1951-4EE8-96EC-B374D12EEC0D}"
EndProject
Project("{FAE04EC0-301F-11D3-BF4B-00C04F79EFBC}") = "ConvoLab.Infrastructure", "src\Infrastructure\ConvoLab.Infrastructure\ConvoLab.Infrastructure.csproj", "{68B7465F-BAF8-49F7-BC6E-B4CADA5BEC67}"
EndProject
Project("{2150E333-8FDC-42A3-9474-1A3956D46DE8}") = "tests", "tests", "{163B57B1-BB10-4B5A-BF6C-5F1BC8F70537}"
EndProject
Project("{FAE04EC0-301F-11D3-BF4B-00C04F79EFBC}") = "ConvoLab.Api.IntegrationTests", "src\tests\ConvoLab.Api.IntegrationTests\ConvoLab.Api.IntegrationTests.csproj", "{640FE9FD-793E-478D-8732-ACF345C17DF7}"
EndProject
Project("{FAE04EC0-301F-11D3-BF4B-00C04F79EFBC}") = "ConvoLab.Application.Tests", "src\tests\ConvoLab.Application.Tests\ConvoLab.Application.Tests.csproj", "{078EC01F-1CFA-49B3-98BD-60545B62F3FD}"
EndProject
Project("{FAE04EC0-301F-11D3-BF4B-00C04F79EFBC}") = "ConvoLab.ArchitectureTests", "src\tests\ConvoLab.ArchitectureTests\ConvoLab.ArchitectureTests.csproj", "{90F19673-226A-42C0-957B-B712CCD68BEC}"
EndProject
Project("{FAE04EC0-301F-11D3-BF4B-00C04F79EFBC}") = "ConvoLab.Domain.Tests", "src\tests\ConvoLab.Domain.Tests\ConvoLab.Domain.Tests.csproj", "{1B40EF49-C49C-4B30-A81F-32D8D640E8E2}"
EndProject
Project("{FAE04EC0-301F-11D3-BF4B-00C04F79EFBC}") = "ConvoLab.Infrastructure.IntegrationTests", "src\tests\ConvoLab.Infrastructure.IntegrationTests\ConvoLab.Infrastructure.IntegrationTests.csproj", "{94DE6A98-5243-4DE6-8B89-0279759719F1}"
EndProject
Global
	GlobalSection(SolutionConfigurationPlatforms) = preSolution
		Debug|Any CPU = Debug|Any CPU
		Release|Any CPU = Release|Any CPU
	EndGlobalSection
	GlobalSection(SolutionProperties) = preSolution
		HideSolutionNode = FALSE
	EndGlobalSection
	GlobalSection(ProjectConfigurationPlatforms) = postSolution
		{4F8A2D77-68E6-4795-86FC-BBFD2C168307}.Debug|Any CPU.ActiveCfg = Debug|Any CPU
		{4F8A2D77-68E6-4795-86FC-BBFD2C168307}.Debug|Any CPU.Build.0 = Debug|Any CPU
		{4F8A2D77-68E6-4795-86FC-BBFD2C168307}.Release|Any CPU.ActiveCfg = Release|Any CPU
		{4F8A2D77-68E6-4795-86FC-BBFD2C168307}.Release|Any CPU.Build.0 = Release|Any CPU
		{AD517CD0-EF4C-4DA7-9BB3-3C705014CA85}.Debug|Any CPU.ActiveCfg = Debug|Any CPU
		{AD517CD0-EF4C-4DA7-9BB3-3C705014CA85}.Debug|Any CPU.Build.0 = Debug|Any CPU
		{AD517CD0-EF4C-4DA7-9BB3-3C705014CA85}.Release|Any CPU.ActiveCfg = Release|Any CPU
		{AD517CD0-EF4C-4DA7-9BB3-3C705014CA85}.Release|Any CPU.Build.0 = Release|Any CPU
		{17C0F9D3-8FF0-4BFC-8129-E43B942550B2}.Debug|Any CPU.ActiveCfg = Debug|Any CPU
		{17C0F9D3-8FF0-4BFC-8129-E43B942550B2}.Debug|Any CPU.Build.0 = Debug|Any CPU
		{17C0F9D3-8FF0-4BFC-8129-E43B942550B2}.Release|Any CPU.ActiveCfg = Release|Any CPU
		{17C0F9D3-8FF0-4BFC-8129-E43B942550B2}.Release|Any CPU.Build.0 = Release|Any CPU
		{68B7465F-BAF8-49F7-BC6E-B4CADA5BEC67}.Debug|Any CPU.ActiveCfg = Debug|Any CPU
		{68B7465F-BAF8-49F7-BC6E-B4CADA5BEC67}.Debug|Any CPU.Build.0 = Debug|Any CPU
		{68B7465F-BAF8-49F7-BC6E-B4CADA5BEC67}.Release|Any CPU.ActiveCfg = Release|Any CPU
		{68B7465F-BAF8-49F7-BC6E-B4CADA5BEC67}.Release|Any CPU.Build.0 = Release|Any CPU
		{640FE9FD-793E-478D-8732-ACF345C17DF7}.Debug|Any CPU.ActiveCfg = Debug|Any CPU
		{640FE9FD-793E-478D-8732-ACF345C17DF7}.Debug|Any CPU.Build.0 = Debug|Any CPU
		{640FE9FD-793E-478D-8732-ACF345C17DF7}.Release|Any CPU.ActiveCfg = Release|Any CPU
		{640FE9FD-793E-478D-8732-ACF345C17DF7}.Release|Any CPU.Build.0 = Release|Any CPU
		{078EC01F-1CFA-49B3-98BD-60545B62F3FD}.Debug|Any CPU.ActiveCfg = Debug|Any CPU
		{078EC01F-1CFA-49B3-98BD-60545B62F3FD}.Debug|Any CPU.Build.0 = Debug|Any CPU
		{078EC01F-1CFA-49B3-98BD-60545B62F3FD}.Release|Any CPU.ActiveCfg = Release|Any CPU
		{078EC01F-1CFA-49B3-98BD-60545B62F3FD}.Release|Any CPU.Build.0 = Release|Any CPU
		{90F19673-226A-42C0-957B-B712CCD68BEC}.Debug|Any CPU.ActiveCfg = Debug|Any CPU
		{90F19673-226A-42C0-957B-B712CCD68BEC}.Debug|Any CPU.Build.0 = Debug|Any CPU
		{90F19673-226A-42C0-957B-B712CCD68BEC}.Release|Any CPU.ActiveCfg = Release|Any CPU
		{90F19673-226A-42C0-957B-B712CCD68BEC}.Release|Any CPU.Build.0 = Release|Any CPU
		{1B40EF49-C49C-4B30-A81F-32D8D640E8E2}.Debug|Any CPU.ActiveCfg = Debug|Any CPU
		{1B40EF49-C49C-4B30-A81F-32D8D640E8E2}.Debug|Any CPU.Build.0 = Debug|Any CPU
		{1B40EF49-C49C-4B30-A81F-32D8D640E8E2}.Release|Any CPU.ActiveCfg = Release|Any CPU
		{1B40EF49-C49C-4B30-A81F-32D8D640E8E2}.Release|Any CPU.Build.0 = Release|Any CPU
		{94DE6A98-5243-4DE6-8B89-0279759719F1}.Debug|Any CPU.ActiveCfg = Debug|Any CPU
		{94DE6A98-5243-4DE6-8B89-0279759719F1}.Debug|Any CPU.Build.0 = Debug|Any CPU
		{94DE6A98-5243-4DE6-8B89-0279759719F1}.Release|Any CPU.ActiveCfg = Release|Any CPU
		{94DE6A98-5243-4DE6-8B89-0279759719F1}.Release|Any CPU.Build.0 = Release|Any CPU
	EndGlobalSection
	GlobalSection(NestedProjects) = preSolution
		{0CA6BEA5-14E6-40DE-B7B2-E302F21CA7C6} = {68588E28-105E-47B2-BC14-4366ADB916EE}
		{4F8A2D77-68E6-4795-86FC-BBFD2C168307} = {0CA6BEA5-14E6-40DE-B7B2-E302F21CA7C6}
		{5A6ACEEF-BAA6-42B0-A21B-43CCC5E88CF3} = {68588E28-105E-47B2-BC14-4366ADB916EE}
		{AD517CD0-EF4C-4DA7-9BB3-3C705014CA85} = {5A6ACEEF-BAA6-42B0-A21B-43CCC5E88CF3}
		{B74C5B2D-588B-4DA0-A208-77E22F7B7649} = {68588E28-105E-47B2-BC14-4366ADB916EE}
		{17C0F9D3-8FF0-4BFC-8129-E43B942550B2} = {B74C5B2D-588B-4DA0-A208-77E22F7B7649}
		{C49DDA41-1951-4EE8-96EC-B374D12EEC0D} = {68588E28-105E-47B2-BC14-4366ADB916EE}
		{68B7465F-BAF8-49F7-BC6E-B4CADA5BEC67} = {C49DDA41-1951-4EE8-96EC-B374D12EEC0D}
		{163B57B1-BB10-4B5A-BF6C-5F1BC8F70537} = {68588E28-105E-47B2-BC14-4366ADB916EE}
		{640FE9FD-793E-478D-8732-ACF345C17DF7} = {163B57B1-BB10-4B5A-BF6C-5F1BC8F70537}
		{078EC01F-1CFA-49B3-98BD-60545B62F3FD} = {163B57B1-BB10-4B5A-BF6C-5F1BC8F70537}
		{90F19673-226A-42C0-957B-B712CCD68BEC} = {163B57B1-BB10-4B5A-BF6C-5F1BC8F70537}
		{1B40EF49-C49C-4B30-A81F-32D8D640E8E2} = {163B57B1-BB10-4B5A-BF6C-5F1BC8F70537}
		{94DE6A98-5243-4DE6-8B89-0279759719F1} = {163B57B1-BB10-4B5A-BF6C-5F1BC8F70537}
	EndGlobalSection
EndGlobal
