{
  "name": "convolab-studio",
  "version": "1.0.0-alpha.17",
  "lockfileVersion": 3,
  "requires": true,
  "packages": {
    "": {
      "name": "convolab-studio",
      "version": "1.0.0-alpha.17",
      "dependencies": {
        "@tanstack/react-query": "^5.101.2",
        "axios": "^1.19.0",
        "lucide-react": "^1.23.0",
        "react": "^19.2.7",
        "react-dom": "^19.2.7",
        "react-router": "8.3.0"
      },
      "devDependencies": {
        "@eslint/js": "^10.0.1",
        "@playwright/test": "^1.61.1",
        "@tailwindcss/postcss": "^4.3.2",
        "@types/node": "^24.13.2",
        "@types/react": "^19.2.17",
        "@types/react-dom": "^19.2.3",
        "@vitejs/plugin-react": "^6.0.3",
        "autoprefixer": "^10.5.2",
        "eslint": "^10.6.0",
        "eslint-plugin-react-hooks": "^7.1.1",
        "eslint-plugin-react-refresh": "^0.5.3",
        "globals": "^17.7.0",
        "postcss": "^8.5.16",
        "tailwindcss": "^4.3.2",
        "typescript": "~6.0.2",
        "typescript-eslint": "^8.62.0",
        "vite": "^8.1.1"
      },
      "engines": {
        "node": ">=22.22.0"
      }
    },
    "node_modules/@alloc/quick-lru": {
      "version": "5.2.0",
      "resolved": "https://registry.npmjs.org/@alloc/quick-lru/-/quick-lru-5.2.0.tgz",
      "integrity": "sha512-UrcABB+4bUrFABwbluTIBErXwvbsU/V7TZWfmbgJfbkwiBuziS9gxdODUyuiecfdGQ85jglMW6juS3+z5TsKLw==",
      "dev": true,
      "license": "MIT",
      "engines": {
        "node": ">=10"
      },
      "funding": {
        "url": "https://github.com/sponsors/sindresorhus"
      }
    },
    "node_modules/@babel/code-frame": {
      "version": "7.29.7",
      "resolved": "https://registry.npmjs.org/@babel/code-frame/-/code-frame-7.29.7.tgz",
      "integrity": "sha512-Aup7aUOfpbAUg2ROOJN6Iw5f9DMBlzu0mIkm/malLQFN/YQgO48wCj0Kxa3sEHJvPVFg7siR+qRInwXd2qhQKw==",
      "dev": true,
      "license": "MIT",
      "dependencies": {
        "@babel/helper-validator-identifier": "^7.29.7",
        "js-tokens": "^4.0.0",
        "picocolors": "^1.1.1"
      },
      "engines": {
        "node": ">=6.9.0"
      }
    },
    "node_modules/@babel/compat-data": {
      "version": "7.29.7",
      "resolved": "https://registry.npmjs.org/@babel/compat-data/-/compat-data-7.29.7.tgz",
      "integrity": "sha512-locTkQyKvwIEgBzVrn8693ebc97F2U8ZHjbXwDXJ5Fn2TCpNwTlKcaKLkdHop5c/icOFE7qt7Q9JC5hnKNa6Gg==",
      "dev": true,
      "license": "MIT",
      "engines": {
        "node": ">=6.9.0"
      }
    },
    "node_modules/@babel/core": {
      "version": "7.29.7",
      "resolved": "https://registry.npmjs.org/@babel/core/-/core-7.29.7.tgz",
      "integrity": "sha512-RgHBCvtjbOK2gXSNBNIkNoEc9qoVEtau3hj8gEqKQuL3HZAibKarWFEI3Lfm6EYKkLalOh8eSrj9b+ch9H/VBA==",
      "dev": true,
      "license": "MIT",
      "dependencies": {
        "@babel/code-frame": "^7.29.7",
        "@babel/generator": "^7.29.7",
        "@babel/helper-compilation-targets": "^7.29.7",
        "@babel/helper-module-transforms": "^7.29.7",
        "@babel/helpers": "^7.29.7",
        "@babel/parser": "^7.29.7",
        "@babel/template": "^7.29.7",
        "@babel/traverse": "^7.29.7",
        "@babel/types": "^7.29.7",
        "@jridgewell/remapping": "^2.3.5",
        "convert-source-map": "^2.0.0",
        "debug": "^4.1.0",
        "gensync": "^1.0.0-beta.2",
        "json5": "^2.2.3",
        "semver": "^6.3.1"
      },
      "engines": {
        "node": ">=6.9.0"
      },
      "funding": {
        "type": "opencollective",
        "url": "https://opencollective.com/babel"
      }
    },
    "node_modules/axios": {
      "version": "1.19.0",
      "resolved": "https://registry.npmjs.org/axios/-/axios-1.19.0.tgz",
      "integrity": "sha512-DxV8B59jB3/NMVc2A7F826+LK+UMYvakNlvSrI0gEBnicQrWdR0bSrKGiIcsKteg7ZoPsG9w10wBBYchxNQdxQ==",
      "license": "Apache-2.0",
      "dependencies": {
        "follow-redirects": "^1.15.0",
        "form-data": "^4.0.0",
        "proxy-from-env": "^1.1.0"
      },
      "engines": {
        "node": ">= 14.18"
      }
    },
    "node_modules/follow-redirects": {
      "version": "1.15.4",
      "resolved": "https://registry.npmjs.org/follow-redirects/-/follow-redirects-1.15.4.tgz",
      "integrity": "sha512-Vvxypysty7IvRtGo0Q0v4r2l1L7icDojo/Eyles8MYQLjMijf+G94mWtWrf4Z/dPV1qnPiFuS5zRUIk0UKzuhg==",
      "engines": {
        "node": ">=4.0"
      },
      "peerDependenciesMeta": {
        "debug": {
          "optional": true
        }
      }
    },
    "node_modules/form-data": {
      "version": "4.0.0",
      "resolved": "https://registry.npmjs.org/form-data/-/form-data-4.0.0.tgz",
      "integrity": "sha512-ETEklSGi5t0jNnh4cqQmO0djr17ydf1rlcDLtSH41cqsfQUUVccP/UfRfAA9KfNygJ+UMS4SNbUqwuLfzkA1cA==",
      "engines": {
        "node": ">= 6"
      },
      "dependencies": {
        "asynckit": "^0.4.0",
        "combined-stream": "^1.0.8",
        "mime-types": "^2.1.12"
      }
    },
    "node_modules/asynckit": {
      "version": "0.4.0",
      "resolved": "https://registry.npmjs.org/asynckit/-/asynckit-0.4.0.tgz",
      "integrity": "sha512-Oei9OH4tRh0YqU3GztPp+34c4dcQJ20h2t+K0KUQwA4bH+I9IkJvjlr7mPIystLsjMBvgQxLs5D7K1au+jtLsA=="
    },
    "node_modules/combined-stream": {
      "version": "1.0.8",
      "resolved": "https://registry.npmjs.org/combined-stream/-/combined-stream-1.0.8.tgz",
      "integrity": "sha512-FQN4MRQmErWn+SDLc7zvVBoxrSTnR5NNecZ8+LHl+8L0+I6poDItsNzYvMg6 pawlMj+nHmMbNS678fMKha50jA==",
      "engines": {
        "node": ">= 0.8"
      },
      "dependencies": {
        "delayed-stream": "^1.0.0"
      }
    },
    "node_modules/delayed-stream": {
      "version": "1.0.0",
      "resolved": "https://registry.npmjs.org/delayed-stream/-/delayed-stream-1.0.0.tgz",
      "integrity": "sha512-ZySD7Nf91aLB0RxL4NMRTN7fi0z7bl1Q44go3kbow9jAwcrzfSfNgMEJU+p/40l4Ftmu5WDodMIqBZ5qu2iYEg==",
      "engines": {
        "node": ">=0.4.0"
      }
    },
    "node_modules/mime-types": {
      "version": "2.1.35",
      "resolved": "https://registry.npmjs.org/mime-types/-/mime-types-2.1.35.tgz",
      "integrity": "sha512-ZDY+bPm5zTTF+YpCrAO9nUjDsHlr8xWEwio9jS6KxG97KWe+dVMrk2cEZrkewmylgMWUVs7ZnQkiQQW75y1U9w==",
      "engines": {
        "node": ">= 0.6"
      },
      "dependencies": {
        "mime-db": "1.52.0"
      }
    },
    "node_modules/mime-db": {
      "version": "1.52.0",
      "resolved": "https://registry.npmjs.org/mime-db/-/mime-db-1.52.0.tgz",
      "integrity": "sha512-sPU4uV7dYlvtWJxwwxHD0PjfsNT45LrPXyNtm6p4hdjXsLvkQQwKe8eJ/iBtjqoVrug7hNmVok7A2e1t2aZSEg==",
      "engines": {
        "node": ">= 0.6"
      }
    },
    "node_modules/proxy-from-env": {
      "version": "1.1.0",
      "resolved": "https://registry.npmjs.org/proxy-from-env/-/proxy-from-env-1.1.0.tgz",
      "integrity": "sha512-D+zkORCbA9f1tdWRVs97a2SO0FFfjEC+Yma1abtUKLaKWaJJeP5D5KgIekaIuZLarLn5n3xq5XoJRb7woQXV1g=="
    }
  }
}
